
Microsoft Visual Studio Solution File, Format Version 12.00
# Visual Studio Version 17
VisualStudioVersion = 17.10.35201.131
MinimumVisualStudioVersion = 10.0.40219.1
Project("{9A19103F-16F7-4668-BE54-9A1E7A4F7556}") = "MyShop.DataAccess", "MyShop.DataAccess\MyShop.DataAccess.csproj", "{24203D4D-5E27-48A6-96A7-48CD1343702B}"
EndProject
Project("{9A19103F-16F7-4668-BE54-9A1E7A4F7556}") = "MyShop.Entities", "MyShop.Entities\MyShop.Entities.csproj", "{8C5A82C0-2365-48A5-B8D8-6617D5C73AA6}"
EndProject
Project("{9A19103F-16F7-4668-BE54-9A1E7A4F7556}") = "MyShop.Web", "MyShop.Web\MyShop.Web.csproj", "{C3DF4FD5-EAAC-4981-96CC-5586E9A67873}"
EndProject
Project("{FAE04EC0-301F-11D3-BF4B-00C04F79EFBC}") = "MyShop.Utilibilites", "MyShop.Utilibilites\MyShop.Utilibilites.csproj", "{5DF930E8-67FA-4D3C-80DF-0A38AAE1A5B4}"
EndProject
Global
	GlobalSection(SolutionConfigurationPlatforms) = preSolution
		Debug|Any CPU = Debug|Any CPU
		Release|Any CPU = Release|Any CPU
	EndGlobalSection
	GlobalSection(ProjectConfigurationPlatforms) = postSolution
		{24203D4D-5E27-48A6-96A7-48CD1343702B}.Debug|Any CPU.ActiveCfg = Debug|Any CPU
		{24203D4D-5E27-48A6-96A7-48CD1343702B}.Debug|Any CPU.Build.0 = Debug|Any CPU
		{24203D4D-5E27-48A6-96A7-48CD1343702B}.Release|Any CPU.ActiveCfg = Release|Any CPU
		{24203D4D-5E27-48A6-96A7-48CD1343702B}.Release|Any CPU.Build.0 = Release|Any CPU
		{8C5A82C0-2365-48A5-B8D8-6617D5C73AA6}.Debug|Any CPU.ActiveCfg = Debug|Any CPU
		{8C5A82C0-2365-48A5-B8D8-6617D5C73AA6}.Debug|Any CPU.Build.0 = Debug|Any CPU
		{8C5A82C0-2365-48A5-B8D8-6617D5C73AA6}.Release|Any CPU.ActiveCfg = Release|Any CPU
		{8C5A82C0-2365-48A5-B8D8-6617D5C73AA6}.Release|Any CPU.Build.0 = Release|Any CPU
		{C3DF4FD5-EAAC-4981-96CC-5586E9A67873}.Debug|Any CPU.ActiveCfg = Debug|Any CPU
		{C3DF4FD5-EAAC-4981-96CC-5586E9A67873}.Debug|Any CPU.Build.0 = Debug|Any CPU
		{C3DF4FD5-EAAC-4981-96CC-5586E9A67873}.Release|Any CPU.ActiveCfg = Release|Any CPU
		{C3DF4FD5-EAAC-4981-96CC-5586E9A67873}.Release|Any CPU.Build.0 = Release|Any CPU
		{5DF930E8-67FA-4D3C-80DF-0A38AAE1A5B4}.Debug|Any CPU.ActiveCfg = Debug|Any CPU
		{5DF930E8-67FA-4D3C-80DF-0A38AAE1A5B4}.Debug|Any CPU.Build.0 = Debug|Any CPU
		{5DF930E8-67FA-4D3C-80DF-0A38AAE1A5B4}.Release|Any CPU.ActiveCfg = Release|Any CPU
		{5DF930E8-67FA-4D3C-80DF-0A38AAE1A5B4}.Release|Any CPU.Build.0 = Release|Any CPU
	EndGlobalSection
	GlobalSection(SolutionProperties) = preSolution
		HideSolutionNode = FALSE
	EndGlobalSection
	GlobalSection(ExtensibilityGlobals) = postSolution
		SolutionGuid = {EB3FAE3B-7943-47A3-9908-64C0B269539D}
	EndGlobalSection
EndGlobal
